Microsoft Visual Studio Solution File, Format Version 12.00
# Visual Studio Version 17
VisualStudioVersion = 17.5.2.0
MinimumVisualStudioVersion = 10.0.40219.1
Project("{FAE04EC0-301F-11D3-BF4B-00C04F79EFBC}") = "CSharp", "CSharp\CSharp.csproj", "{CF022C7B-CAF3-706D-67E1-FB93518229B7}"
EndProject
Project("{FAE04EC0-301F-11D3-BF4B-00C04F79EFBC}") = "LinqExercicePresentationNet8", "LinqExercicePresentationNet8\LinqExercicePresentationNet8.csproj", "{FB821FEC-FB56-4026-B396-5A05E713BFC1}"
EndProject
Project("{FAE04EC0-301F-11D3-BF4B-00C04F79EFBC}") = "JsonXmlConverter", "JsonXmlConverter\JsonXmlConverter.csproj", "{6D9DB8D5-4980-403B-8941-57BC936C8909}"
EndProject
Project("{FAE04EC0-301F-11D3-BF4B-00C04F79EFBC}") = "CalculPerf", "CalculPerf\CalculPerf.csproj", "{696CF033-FE31-44F7-991C-CE4C77FFDAD2}"
EndProject
Project("{FAE04EC0-301F-11D3-BF4B-00C04F79EFBC}") = "ImageOptimizer", "ImageOptimizer\ImageOptimizer.csproj", "{CF59DF89-2997-4752-87FB-75251B78237D}"
EndProject
Global
	GlobalSection(SolutionConfigurationPlatforms) = preSolution
		Debug|Any CPU = Debug|Any CPU
		Release|Any CPU = Release|Any CPU
	EndGlobalSection
	GlobalSection(ProjectConfigurationPlatforms) = postSolution
		{CF022C7B-CAF3-706D-67E1-FB93518229B7}.Debug|Any CPU.ActiveCfg = Debug|Any CPU
		{CF022C7B-CAF3-706D-67E1-FB93518229B7}.Debug|Any CPU.Build.0 = Debug|Any CPU
		{CF022C7B-CAF3-706D-67E1-FB93518229B7}.Release|Any CPU.ActiveCfg = Release|Any CPU
		{CF022C7B-CAF3-706D-67E1-FB93518229B7}.Release|Any CPU.Build.0 = Release|Any CPU
		{FB821FEC-FB56-4026-B396-5A05E713BFC1}.Debug|Any CPU.ActiveCfg = Debug|Any CPU
		{FB821FEC-FB56-4026-B396-5A05E713BFC1}.Debug|Any CPU.Build.0 = Debug|Any CPU
		{FB821FEC-FB56-4026-B396-5A05E713BFC1}.Release|Any CPU.ActiveCfg = Release|Any CPU
		{FB821FEC-FB56-4026-B396-5A05E713BFC1}.Release|Any CPU.Build.0 = Release|Any CPU
		{6D9DB8D5-4980-403B-8941-57BC936C8909}.Debug|Any CPU.ActiveCfg = Debug|Any CPU
		{6D9DB8D5-4980-403B-8941-57BC936C8909}.Debug|Any CPU.Build.0 = Debug|Any CPU
		{6D9DB8D5-4980-403B-8941-57BC936C8909}.Release|Any CPU.ActiveCfg = Release|Any CPU
		{6D9DB8D5-4980-403B-8941-57BC936C8909}.Release|Any CPU.Build.0 = Release|Any CPU
		{696CF033-FE31-44F7-991C-CE4C77FFDAD2}.Debug|Any CPU.ActiveCfg = Debug|Any CPU
		{696CF033-FE31-44F7-991C-CE4C77FFDAD2}.Debug|Any CPU.Build.0 = Debug|Any CPU
		{696CF033-FE31-44F7-991C-CE4C77FFDAD2}.Release|Any CPU.ActiveCfg = Release|Any CPU
		{696CF033-FE31-44F7-991C-CE4C77FFDAD2}.Release|Any CPU.Build.0 = Release|Any CPU
		{CF59DF89-2997-4752-87FB-75251B78237D}.Debug|Any CPU.ActiveCfg = Debug|Any CPU
		{CF59DF89-2997-4752-87FB-75251B78237D}.Debug|Any CPU.Build.0 = Debug|Any CPU
		{CF59DF89-2997-4752-87FB-75251B78237D}.Release|Any CPU.ActiveCfg = Release|Any CPU
		{CF59DF89-2997-4752-87FB-75251B78237D}.Release|Any CPU.Build.0 = Release|Any CPU
	EndGlobalSection
	GlobalSection(SolutionProperties) = preSolution
		HideSolutionNode = FALSE
	EndGlobalSection
	GlobalSection(ExtensibilityGlobals) = postSolution
		SolutionGuid = {3F54A4E2-9E9C-442B-AE8B-490E1E6E0D68}
	EndGlobalSection
EndGlobal
